
Microsoft Visual Studio Solution File, Format Version 12.00
# Visual Studio Version 17
VisualStudioVersion = 17.6.33829.357
MinimumVisualStudioVersion = 10.0.40219.1
Project("{8BC9CEB8-8B4A-11D0-8D11-00A0C91BC942}") = "2023_07_18", "2023_07_18.vcxproj", "{DC920B60-C8E5-4C0E-9151-3F76CB03EA69}"
EndProject
Global
	GlobalSection(SolutionConfigurationPlatforms) = preSolution
		Debug|x64 = Debug|x64
		Debug|x86 = Debug|x86
		Release|x64 = Release|x64
		Release|x86 = Release|x86
	EndGlobalSection
	GlobalSection(ProjectConfigurationPlatforms) = postSolution
		{DC920B60-C8E5-4C0E-9151-3F76CB03EA69}.Debug|x64.ActiveCfg = Debug|x64
		{DC920B60-C8E5-4C0E-9151-3F76CB03EA69}.Debug|x64.Build.0 = Debug|x64
		{DC920B60-C8E5-4C0E-9151-3F76CB03EA69}.Debug|x86.ActiveCfg = Debug|Win32
		{DC920B60-C8E5-4C0E-9151-3F76CB03EA69}.Debug|x86.Build.0 = Debug|Win32
		{DC920B60-C8E5-4C0E-9151-3F76CB03EA69}.Release|x64.ActiveCfg = Release|x64
		{DC920B60-C8E5-4C0E-9151-3F76CB03EA69}.Release|x64.Build.0 = Release|x64
		{DC920B60-C8E5-4C0E-9151-3F76CB03EA69}.Release|x86.ActiveCfg = Release|Win32
		{DC920B60-C8E5-4C0E-9151-3F76CB03EA69}.Release|x86.Build.0 = Release|Win32
	EndGlobalSection
	GlobalSection(SolutionProperties) = preSolution
		HideSolutionNode = FALSE
	EndGlobalSection
	GlobalSection(ExtensibilityGlobals) = postSolution
		SolutionGuid = {CC5AB398-30EB-46E2-9D22-74BEFD92B513}
	EndGlobalSection
EndGlobal
